// !$*UTF8*$!
{
	archiveVersion = 1;
	classes = {
	};
	objectVersion = 51;
	objects = {

/* Begin PBXBuildFile section */
		596E5439235B2D66005DC048 /* AppDelegate.swift in Sources */ = {isa = PBXBuildFile; fileRef = 596E5438235B2D66005DC048 /* AppDelegate.swift */; };
		596E543B235B2D66005DC048 /* HomeViewController.swift in Sources */ = {isa = PBXBuildFile; fileRef = 596E543A235B2D66005DC048 /* HomeViewController.swift */; };
		596E5443235B2D67005DC048 /* LaunchScreen.storyboard in Resources */ = {isa = PBXBuildFile; fileRef = 596E5441235B2D67005DC048 /* LaunchScreen.storyboard */; };
		596E544E235B478A005DC048 /* WalletViewController.swift in Sources */ = {isa = PBXBuildFile; fileRef = 596E544D235B478A005DC048 /* WalletViewController.swift */; };
		596E5450235C6D93005DC048 /* Images.xcassets in Resources */ = {isa = PBXBuildFile; fileRef = 596E544F235C6D93005DC048 /* Images.xcassets */; };
		596E5452235C7755005DC048 /* TradeViewController.swift in Sources */ = {isa = PBXBuildFile; fileRef = 596E5451235C7755005DC048 /* TradeViewController.swift */; };
		596E5454235C7934005DC048 /* AnalysisViewController.swift in Sources */ = {isa = PBXBuildFile; fileRef = 596E5453235C7934005DC048 /* AnalysisViewController.swift */; };
		596E5456235C7945005DC048 /* ProfileViewController.swift in Sources */ = {isa = PBXBuildFile; fileRef = 596E5455235C7945005DC048 /* ProfileViewController.swift */; };
		596E54AD23634888005DC048 /* ProductCell.swift in Sources */ = {isa = PBXBuildFile; fileRef = 596E54AC23634888005DC048 /* ProductCell.swift */; };
		596E54AF236446FD005DC048 /* DataSource.swift in Sources */ = {isa = PBXBuildFile; fileRef = 596E54AE236446FD005DC048 /* DataSource.swift */; };
		596E54F62364A8F5005DC048 /* Product.swift in Sources */ = {isa = PBXBuildFile; fileRef = 596E54F52364A8F5005DC048 /* Product.swift */; };
		596E54F82364D194005DC048 /* Extension.swift in Sources */ = {isa = PBXBuildFile; fileRef = 596E54F72364D194005DC048 /* Extension.swift */; };
		596E54FA2364D4FC005DC048 /* InputViewController.swift in Sources */ = {isa = PBXBuildFile; fileRef = 596E54F92364D4FC005DC048 /* InputViewController.swift */; };
/* End PBXBuildFile section */

/* Begin PBXFileReference section */
		596E5435235B2D66005DC048 /* ExchangeApplication.app */ = {isa = PBXFileReference; explicitFileType = wrapper.application; includeInIndex = 0; path = ExchangeApplication.app; sourceTree = BUILT_PRODUCTS_DIR; };
		596E5438235B2D66005DC048 /* AppDelegate.swift */ = {isa = PBXFileReference; lastKnownFileType = sourcecode.swift; path = AppDelegate.swift; sourceTree = "<group>"; };
		596E543A235B2D66005DC048 /* HomeViewController.swift */ = {isa = PBXFileReference; lastKnownFileType = sourcecode.swift; path = HomeViewController.swift; sourceTree = "<group>"; };
		596E5442235B2D67005DC048 /* Base */ = {isa = PBXFileReference; lastKnownFileType = file.storyboard; name = Base; path = Base.lproj/LaunchScreen.storyboard; sourceTree = "<group>"; };
		596E5444235B2D67005DC048 /* Info.plist */ = {isa = PBXFileReference; lastKnownFileType = text.plist.xml; path = Info.plist; sourceTree = "<group>"; };
		596E544D235B478A005DC048 /* WalletViewController.swift */ = {isa = PBXFileReference; lastKnownFileType = sourcecode.swift; path = WalletViewController.swift; sourceTree = "<group>"; };
		596E544F235C6D93005DC048 /* Images.xcassets */ = {isa = PBXFileReference; lastKnownFileType = folder.assetcatalog; path = Images.xcassets; sourceTree = "<group>"; };
		596E5451235C7755005DC048 /* TradeViewController.swift */ = {isa = PBXFileReference; lastKnownFileType = sourcecode.swift; path = TradeViewController.swift; sourceTree = "<group>"; };
		596E5453235C7934005DC048 /* AnalysisViewController.swift */ = {isa = PBXFileReference; lastKnownFileType = sourcecode.swift; path = AnalysisViewController.swift; sourceTree = "<group>"; };
		596E5455235C7945005DC048 /* ProfileViewController.swift */ = {isa = PBXFileReference; lastKnownFileType = sourcecode.swift; path = ProfileViewController.swift; sourceTree = "<group>"; };
		596E54AC23634888005DC048 /* ProductCell.swift */ = {isa = PBXFileReference; lastKnownFileType = sourcecode.swift; path = ProductCell.swift; sourceTree = "<group>"; };
		596E54AE236446FD005DC048 /* DataSource.swift */ = {isa = PBXFileReference; lastKnownFileType = sourcecode.swift; path = DataSource.swift; sourceTree = "<group>"; };
		596E54F52364A8F5005DC048 /* Product.swift */ = {isa = PBXFileReference; lastKnownFileType = sourcecode.swift; path = Product.swift; sourceTree = "<group>"; };
		596E54F72364D194005DC048 /* Extension.swift */ = {isa = PBXFileReference; lastKnownFileType = sourcecode.swift; path = Extension.swift; sourceTree = "<group>"; };
		596E54F92364D4FC005DC048 /* InputViewController.swift */ = {isa = PBXFileReference; lastKnownFileType = sourcecode.swift; path = InputViewController.swift; sourceTree = "<group>"; };
/* End PBXFileReference section */

/* Begin PBXFrameworksBuildPhase section */
		596E5432235B2D66005DC048 /* Frameworks */ = {
			isa = PBXFrameworksBuildPhase;
			buildActionMask = 2147483647;
			files = (
			);
			runOnlyForDeploymentPostprocessing = 0;
		};
/* End PBXFrameworksBuildPhase section */

/* Begin PBXGroup section */
		596E542C235B2D66005DC048 = {
			isa = PBXGroup;
			children = (
				596E5437235B2D66005DC048 /* ExchangeApplication */,
				596E5436235B2D66005DC048 /* Products */,
			);
			sourceTree = "<group>";
		};
		596E5436235B2D66005DC048 /* Products */ = {
			isa = PBXGroup;
			children = (
				596E5435235B2D66005DC048 /* ExchangeApplication.app */,
			);
			name = Products;
			sourceTree = "<group>";
		};
		596E5437235B2D66005DC048 /* ExchangeApplication */ = {
			isa = PBXGroup;
			children = (
				596E5458235CAF21005DC048 /* Repository */,
				596E5457235CAF16005DC048 /* Services */,
				596E544C235B474A005DC048 /* ViewControllers */,
				596E5438235B2D66005DC048 /* AppDelegate.swift */,
				596E5441235B2D67005DC048 /* LaunchScreen.storyboard */,
				596E5444235B2D67005DC048 /* Info.plist */,
				596E544F235C6D93005DC048 /* Images.xcassets */,
			);
			path = ExchangeApplication;
			sourceTree = "<group>";
		};
		596E544C235B474A005DC048 /* ViewControllers */ = {
			isa = PBXGroup;
			children = (
				596E54A9236347B0005DC048 /* SettingsTable */,
				596E543A235B2D66005DC048 /* HomeViewController.swift */,
				596E544D235B478A005DC048 /* WalletViewController.swift */,
				596E5451235C7755005DC048 /* TradeViewController.swift */,
				596E5453235C7934005DC048 /* AnalysisViewController.swift */,
				596E5455235C7945005DC048 /* ProfileViewController.swift */,
			);
			path = ViewControllers;
			sourceTree = "<group>";
		};
		596E5457235CAF16005DC048 /* Services */ = {
			isa = PBXGroup;
			children = (
			);
			path = Services;
			sourceTree = "<group>";
		};
		596E5458235CAF21005DC048 /* Repository */ = {
			isa = PBXGroup;
			children = (
			);
			path = Repository;
			sourceTree = "<group>";
		};
		596E54A9236347B0005DC048 /* SettingsTable */ = {
			isa = PBXGroup;
			children = (
				596E54AE236446FD005DC048 /* DataSource.swift */,
				596E54AC23634888005DC048 /* ProductCell.swift */,
				596E54F52364A8F5005DC048 /* Product.swift */,
				596E54F72364D194005DC048 /* Extension.swift */,
				596E54F92364D4FC005DC048 /* InputViewController.swift */,
			);
			name = SettingsTable;
			sourceTree = "<group>";
		};
/* End PBXGroup section */

/* Begin PBXNativeTarget section */
		596E5434235B2D66005DC048 /* ExchangeApplication */ = {
			isa = PBXNativeTarget;
			buildConfigurationList = 596E5447235B2D67005DC048 /* Build configuration list for PBXNativeTarget "ExchangeApplication" */;
			buildPhases = (
				596E5431235B2D66005DC048 /* Sources */,
				596E5432235B2D66005DC048 /* Frameworks */,
				596E5433235B2D66005DC048 /* Resources */,
			);
			buildRules = (
			);
			dependencies = (
			);
			name = ExchangeApplication;
			productName = ButtonAnimation;
			productReference = 596E5435235B2D66005DC048 /* ExchangeApplication.app */;
			productType = "com.apple.product-type.application";
		};
/* End PBXNativeTarget section */

/* Begin PBXProject section */
		596E542D235B2D66005DC048 /* Project object */ = {
			isa = PBXProject;
			attributes = {
				LastSwiftUpdateCheck = 1030;
				LastUpgradeCheck = 1030;
				ORGANIZATIONNAME = norikoff;
				TargetAttributes = {
					596E5434235B2D66005DC048 = {
						CreatedOnToolsVersion = 10.3;
					};
				};
			};
			buildConfigurationList = 596E5430235B2D66005DC048 /* Build configuration list for PBXProject "ExchangeApplication" */;
			compatibilityVersion = "Xcode 10.0";
			developmentRegion = en;
			hasScannedForEncodings = 0;
			knownRegions = (
				en,
				Base,
			);
			mainGroup = 596E542C235B2D66005DC048;
			productRefGroup = 596E5436235B2D66005DC048 /* Products */;
			projectDirPath = "";
			projectRoot = "";
			targets = (
				596E5434235B2D66005DC048 /* ExchangeApplication */,
			);
		};
/* End PBXProject section */

/* Begin PBXResourcesBuildPhase section */
		596E5433235B2D66005DC048 /* Resources */ = {
			isa = PBXResourcesBuildPhase;
			buildActionMask = 2147483647;
			files = (
				596E5443235B2D67005DC048 /* LaunchScreen.storyboard in Resources */,
				596E5450235C6D93005DC048 /* Images.xcassets in Resources */,
			);
			runOnlyForDeploymentPostprocessing = 0;
		};
/* End PBXResourcesBuildPhase section */

/* Begin PBXSourcesBuildPhase section */
		596E5431235B2D66005DC048 /* Sources */ = {
			isa = PBXSourcesBuildPhase;
			buildActionMask = 2147483647;
			files = (
				596E54FA2364D4FC005DC048 /* InputViewController.swift in Sources */,
				596E544E235B478A005DC048 /* WalletViewController.swift in Sources */,
				596E543B235B2D66005DC048 /* HomeViewController.swift in Sources */,
				596E5454235C7934005DC048 /* AnalysisViewController.swift in Sources */,
				596E5456235C7945005DC048 /* ProfileViewController.swift in Sources */,
				596E54AD23634888005DC048 /* ProductCell.swift in Sources */,
				596E54F82364D194005DC048 /* Extension.swift in Sources */,
				596E54F62364A8F5005DC048 /* Product.swift in Sources */,
				596E5452235C7755005DC048 /* TradeViewController.swift in Sources */,
				596E54AF236446FD005DC048 /* DataSource.swift in Sources */,
				596E5439235B2D66005DC048 /* AppDelegate.swift in Sources */,
			);
			runOnlyForDeploymentPostprocessing = 0;
		};
/* End PBXSourcesBuildPhase section */

/* Begin PBXVariantGroup section */
		596E5441235B2D67005DC048 /* LaunchScreen.storyboard */ = {
			isa = PBXVariantGroup;
			children = (
				596E5442235B2D67005DC048 /* Base */,
			);
			name = LaunchScreen.storyboard;
			sourceTree = "<group>";
		};
/* End PBXVariantGroup section */

/* Begin XCBuildConfiguration section */
		596E5445235B2D67005DC048 /* Debug */ = {
			isa = XCBuildConfiguration;
			buildSettings = {
				ALWAYS_SEARCH_USER_PATHS = NO;
				CLANG_ANALYZER_NONNULL = YES;
				CLANG_ANALYZER_NUMBER_OBJECT_CONVERSION = YES_AGGRESSIVE;
				CLANG_CXX_LANGUAGE_STANDARD = "gnu++14";
				CLANG_CXX_LIBRARY = "libc++";
				CLANG_ENABLE_MODULES = YES;
				CLANG_ENABLE_OBJC_ARC = YES;
				CLANG_ENABLE_OBJC_WEAK = YES;
				CLANG_WARN_BLOCK_CAPTURE_AUTORELEASING = YES;
				CLANG_WARN_BOOL_CONVERSION = YES;
				CLANG_WARN_COMMA = YES;
				CLANG_WARN_CONSTANT_CONVERSION = YES;
				CLANG_WARN_DEPRECATED_OBJC_IMPLEMENTATIONS = YES;
				CLANG_WARN_DIRECT_OBJC_ISA_USAGE = YES_ERROR;
				CLANG_WARN_DOCUMENTATION_COMMENTS = YES;
				CLANG_WARN_EMPTY_BODY = YES;
				CLANG_WARN_ENUM_CONVERSION = YES;
				CLANG_WARN_INFINITE_RECURSION = YES;
				CLANG_WARN_INT_CONVERSION = YES;
				CLANG_WARN_NON_LITERAL_NULL_CONVERSION = YES;
				CLANG_WARN_OBJC_IMPLICIT_RETAIN_SELF = YES;
				CLANG_WARN_OBJC_LITERAL_CONVERSION = YES;
				CLANG_WARN_OBJC_ROOT_CLASS = YES_ERROR;
				CLANG_WARN_RANGE_LOOP_ANALYSIS = YES;
				CLANG_WARN_STRICT_PROTOTYPES = YES;
				CLANG_WARN_SUSPICIOUS_MOVE = YES;
				CLANG_WARN_UNGUARDED_AVAILABILITY = YES_AGGRESSIVE;
				CLANG_WARN_UNREACHABLE_CODE = YES;
				CLANG_WARN__DUPLICATE_METHOD_MATCH = YES;
				CODE_SIGN_IDENTITY = "iPhone Developer";
				COPY_PHASE_STRIP = NO;
				DEBUG_INFORMATION_FORMAT = dwarf;
				ENABLE_STRICT_OBJC_MSGSEND = YES;
				ENABLE_TESTABILITY = YES;
				GCC_C_LANGUAGE_STANDARD = gnu11;
				GCC_DYNAMIC_NO_PIC = NO;
				GCC_NO_COMMON_BLOCKS = YES;
				GCC_OPTIMIZATION_LEVEL = 0;
				GCC_PREPROCESSOR_DEFINITIONS = (
					"DEBUG=1",
					"$(inherited)",
				);
				GCC_WARN_64_TO_32_BIT_CONVERSION = YES;
				GCC_WARN_ABOUT_RETURN_TYPE = YES_ERROR;
				GCC_WARN_UNDECLARED_SELECTOR = YES;
				GCC_WARN_UNINITIALIZED_AUTOS = YES_AGGRESSIVE;
				GCC_WARN_UNUSED_FUNCTION = YES;
				GCC_WARN_UNUSED_VARIABLE = YES;
				IPHONEOS_DEPLOYMENT_TARGET = 12.4;
				MTL_ENABLE_DEBUG_INFO = INCLUDE_SOURCE;
				MTL_FAST_MATH = YES;
				ONLY_ACTIVE_ARCH = YES;
				SDKROOT = iphoneos;
				SWIFT_ACTIVE_COMPILATION_CONDITIONS = DEBUG;
				SWIFT_OPTIMIZATION_LEVEL = "-Onone";
			};
			name = Debug;
		};
		596E5446235B2D67005DC048 /* Release */ = {
			isa = XCBuildConfiguration;
			buildSettings = {
				ALWAYS_SEARCH_USER_PATHS = NO;
				CLANG_ANALYZER_NONNULL = YES;
				CLANG_ANALYZER_NUMBER_OBJECT_CONVERSION = YES_AGGRESSIVE;
				CLANG_CXX_LANGUAGE_STANDARD = "gnu++14";
				CLANG_CXX_LIBRARY = "libc++";
				CLANG_ENABLE_MODULES = YES;
				CLANG_ENABLE_OBJC_ARC = YES;
				CLANG_ENABLE_OBJC_WEAK = YES;
				CLANG_WARN_BLOCK_CAPTURE_AUTORELEASING = YES;
				CLANG_WARN_BOOL_CONVERSION = YES;
				CLANG_WARN_COMMA = YES;
				CLANG_WARN_CONSTANT_CONVERSION = YES;
				CLANG_WARN_DEPRECATED_OBJC_IMPLEMENTATIONS = YES;
				CLANG_WARN_DIRECT_OBJC_ISA_USAGE = YES_ERROR;
				CLANG_WARN_DOCUMENTATION_COMMENTS = YES;
				CLANG_WARN_EMPTY_BODY = YES;
				CLANG_WARN_ENUM_CONVERSION = YES;
				CLANG_WARN_INFINITE_RECURSION = YES;
				CLANG_WARN_INT_CONVERSION = YES;
				CLANG_WARN_NON_LITERAL_NULL_CONVERSION = YES;
				CLANG_WARN_OBJC_IMPLICIT_RETAIN_SELF = YES;
				CLANG_WARN_OBJC_LITERAL_CONVERSION = YES;
				CLANG_WARN_OBJC_ROOT_CLASS = YES_ERROR;
				CLANG_WARN_RANGE_LOOP_ANALYSIS = YES;
				CLANG_WARN_STRICT_PROTOTYPES = YES;
				CLANG_WARN_SUSPICIOUS_MOVE = YES;
				CLANG_WARN_UNGUARDED_AVAILABILITY = YES_AGGRESSIVE;
				CLANG_WARN_UNREACHABLE_CODE = YES;
				CLANG_WARN__DUPLICATE_METHOD_MATCH = YES;
				CODE_SIGN_IDENTITY = "iPhone Developer";
				COPY_PHASE_STRIP = NO;
				DEBUG_INFORMATION_FORMAT = "dwarf-with-dsym";
				ENABLE_NS_ASSERTIONS = NO;
				ENABLE_STRICT_OBJC_MSGSEND = YES;
				GCC_C_LANGUAGE_STANDARD = gnu11;
				GCC_NO_COMMON_BLOCKS = YES;
				GCC_WARN_64_TO_32_BIT_CONVERSION = YES;
				GCC_WARN_ABOUT_RETURN_TYPE = YES_ERROR;
				GCC_WARN_UNDECLARED_SELECTOR = YES;
				GCC_WARN_UNINITIALIZED_AUTOS = YES_AGGRESSIVE;
				GCC_WARN_UNUSED_FUNCTION = YES;
				GCC_WARN_UNUSED_VARIABLE = YES;
				IPHONEOS_DEPLOYMENT_TARGET = 12.4;
				MTL_ENABLE_DEBUG_INFO = NO;
				MTL_FAST_MATH = YES;
				SDKROOT = iphoneos;
				SWIFT_COMPILATION_MODE = wholemodule;
				SWIFT_OPTIMIZATION_LEVEL = "-O";
				VALIDATE_PRODUCT = YES;
			};
			name = Release;
		};
		596E5448235B2D67005DC048 /* Debug */ = {
			isa = XCBuildConfiguration;
			buildSettings = {
				ASSETCATALOG_COMPILER_APPICON_NAME = AppIcon;
				CODE_SIGN_STYLE = Automatic;
				DEVELOPMENT_TEAM = CAQJKHMVUJ;
				INFOPLIST_FILE = "$(SRCROOT)/ExchangeApplication/Info.plist";
				LD_RUNPATH_SEARCH_PATHS = (
					"$(inherited)",
					"@executable_path/Frameworks",
				);
				PRODUCT_BUNDLE_IDENTIFIER = com.norikoff.ButtonAnimation;
				PRODUCT_NAME = "$(TARGET_NAME)";
				SWIFT_VERSION = 5.0;
				TARGETED_DEVICE_FAMILY = "1,2";
			};
			name = Debug;
		};
		596E5449235B2D67005DC048 /* Release */ = {
			isa = XCBuildConfiguration;
			buildSettings = {
				ASSETCATALOG_COMPILER_APPICON_NAME = AppIcon;
				CODE_SIGN_STYLE = Automatic;
				DEVELOPMENT_TEAM = CAQJKHMVUJ;
				INFOPLIST_FILE = "$(SRCROOT)/ExchangeApplication/Info.plist";
				LD_RUNPATH_SEARCH_PATHS = (
					"$(inherited)",
					"@executable_path/Frameworks",
				);
				PRODUCT_BUNDLE_IDENTIFIER = com.norikoff.ButtonAnimation;
				PRODUCT_NAME = "$(TARGET_NAME)";
				SWIFT_VERSION = 5.0;
				TARGETED_DEVICE_FAMILY = "1,2";
			};
			name = Release;
		};
/* End XCBuildConfiguration section */

/* Begin XCConfigurationList section */
		596E5430235B2D66005DC048 /* Build configuration list for PBXProject "ExchangeApplication" */ = {
			isa = XCConfigurationList;
			buildConfigurations = (
				596E5445235B2D67005DC048 /* Debug */,
				596E5446235B2D67005DC048 /* Release */,
			);
			defaultConfigurationIsVisible = 0;
			defaultConfigurationName = Release;
		};
		596E5447235B2D67005DC048 /* Build configuration list for PBXNativeTarget "ExchangeApplication" */ = {
			isa = XCConfigurationList;
			buildConfigurations = (
				596E5448235B2D67005DC048 /* Debug */,
				596E5449235B2D67005DC048 /* Release */,
			);
			defaultConfigurationIsVisible = 0;
			defaultConfigurationName = Release;
		};
/* End XCConfigurationList section */
	};
	rootObject = 596E542D235B2D66005DC048 /* Project object */;
}
